
Microsoft Visual Studio Solution File, Format Version 12.00
# Visual Studio Version 17
VisualStudioVersion = 17.11.35312.102
MinimumVisualStudioVersion = 10.0.40219.1
Project("{FAE04EC0-301F-11D3-BF4B-00C04F79EFBC}") = "WiredBrainCoffee.EmployeeManager", "WiredBrainCoffee.EmployeeManager\WiredBrainCoffee.EmployeeManager.csproj", "{B9C1EBB1-4B29-4157-93C1-53B213066848}"
EndProject
Global
	GlobalSection(SolutionConfigurationPlatforms) = preSolution
		Debug|Any CPU = Debug|Any CPU
		Release|Any CPU = Release|Any CPU
	EndGlobalSection
	GlobalSection(ProjectConfigurationPlatforms) = postSolution
		{B9C1EBB1-4B29-4157-93C1-53B213066848}.Debug|Any CPU.ActiveCfg = Debug|Any CPU
		{B9C1EBB1-4B29-4157-93C1-53B213066848}.Debug|Any CPU.Build.0 = Debug|Any CPU
		{B9C1EBB1-4B29-4157-93C1-53B213066848}.Release|Any CPU.ActiveCfg = Release|Any CPU
		{B9C1EBB1-4B29-4157-93C1-53B213066848}.Release|Any CPU.Build.0 = Release|Any CPU
	EndGlobalSection
	GlobalSection(SolutionProperties) = preSolution
		HideSolutionNode = FALSE
	EndGlobalSection
	GlobalSection(ExtensibilityGlobals) = postSolution
		SolutionGuid = {95940259-5974-4202-B349-C5D4DDC0A9F4}
	EndGlobalSection
EndGlobal
